
Microsoft Visual Studio Solution File, Format Version 12.00
# Visual Studio Version 16
VisualStudioVersion = 16.0.31005.135
MinimumVisualStudioVersion = 10.0.40219.1
Project("{FAE04EC0-301F-11D3-BF4B-00C04F79EFBC}") = "01.ActionPrint", "01.ActionPrint\01.ActionPrint.csproj", "{5070EA31-8DBF-45ED-97AE-9F17503EE845}"
EndProject
Project("{FAE04EC0-301F-11D3-BF4B-00C04F79EFBC}") = "02.KnightsOfHonor", "02.KnightsOfHonor\02.KnightsOfHonor.csproj", "{31C158C1-FA5C-4EDF-B6C9-7A4CCB06318F}"
EndProject
Project("{FAE04EC0-301F-11D3-BF4B-00C04F79EFBC}") = "03.CustomMinFunction", "03.CustomMinFunction\03.CustomMinFunction.csproj", "{5FF59765-1EB4-4F43-879C-C5148CEFCEE7}"
EndProject
Project("{FAE04EC0-301F-11D3-BF4B-00C04F79EFBC}") = "04.FindEvensOrOdds", "04.FindEvensOrOdds\04.FindEvensOrOdds.csproj", "{6A92B322-37FE-43A2-9E5D-3309DC8CD353}"
EndProject
Global
	GlobalSection(SolutionConfigurationPlatforms) = preSolution
		Debug|Any CPU = Debug|Any CPU
		Release|Any CPU = Release|Any CPU
	EndGlobalSection
	GlobalSection(ProjectConfigurationPlatforms) = postSolution
		{5070EA31-8DBF-45ED-97AE-9F17503EE845}.Debug|Any CPU.ActiveCfg = Debug|Any CPU
		{5070EA31-8DBF-45ED-97AE-9F17503EE845}.Debug|Any CPU.Build.0 = Debug|Any CPU
		{5070EA31-8DBF-45ED-97AE-9F17503EE845}.Release|Any CPU.ActiveCfg = Release|Any CPU
		{5070EA31-8DBF-45ED-97AE-9F17503EE845}.Release|Any CPU.Build.0 = Release|Any CPU
		{31C158C1-FA5C-4EDF-B6C9-7A4CCB06318F}.Debug|Any CPU.ActiveCfg = Debug|Any CPU
		{31C158C1-FA5C-4EDF-B6C9-7A4CCB06318F}.Debug|Any CPU.Build.0 = Debug|Any CPU
		{31C158C1-FA5C-4EDF-B6C9-7A4CCB06318F}.Release|Any CPU.ActiveCfg = Release|Any CPU
		{31C158C1-FA5C-4EDF-B6C9-7A4CCB06318F}.Release|Any CPU.Build.0 = Release|Any CPU
		{5FF59765-1EB4-4F43-879C-C5148CEFCEE7}.Debug|Any CPU.ActiveCfg = Debug|Any CPU
		{5FF59765-1EB4-4F43-879C-C5148CEFCEE7}.Debug|Any CPU.Build.0 = Debug|Any CPU
		{5FF59765-1EB4-4F43-879C-C5148CEFCEE7}.Release|Any CPU.ActiveCfg = Release|Any CPU
		{5FF59765-1EB4-4F43-879C-C5148CEFCEE7}.Release|Any CPU.Build.0 = Release|Any CPU
		{6A92B322-37FE-43A2-9E5D-3309DC8CD353}.Debug|Any CPU.ActiveCfg = Debug|Any CPU
		{6A92B322-37FE-43A2-9E5D-3309DC8CD353}.Debug|Any CPU.Build.0 = Debug|Any CPU
		{6A92B322-37FE-43A2-9E5D-3309DC8CD353}.Release|Any CPU.ActiveCfg = Release|Any CPU
		{6A92B322-37FE-43A2-9E5D-3309DC8CD353}.Release|Any CPU.Build.0 = Release|Any CPU
	EndGlobalSection
	GlobalSection(SolutionProperties) = preSolution
		HideSolutionNode = FALSE
	EndGlobalSection
	GlobalSection(ExtensibilityGlobals) = postSolution
		SolutionGuid = {905462F9-EA12-44C8-984C-040DD58FC642}
	EndGlobalSection
EndGlobal
