
Microsoft Visual Studio Solution File, Format Version 12.00
# Visual Studio Version 16
VisualStudioVersion = 16.0.31005.135
MinimumVisualStudioVersion = 10.0.40219.1
Project("{9A19103F-16F7-4668-BE54-9A1E7A4F7556}") = "1.Diagonal Difference", "1.Diagonal Difference\1.Diagonal Difference.csproj", "{D6529FC7-EBC2-4865-90D0-F1C87462788C}"
EndProject
Project("{9A19103F-16F7-4668-BE54-9A1E7A4F7556}") = "2.SquaresInMatrix", "2.SquaresInMatrix\2.SquaresInMatrix.csproj", "{2F4FC956-346A-4CF2-9064-E932ADFEB675}"
EndProject
Project("{9A19103F-16F7-4668-BE54-9A1E7A4F7556}") = "3.MaximalSum", "3.MaximalSum\3.MaximalSum.csproj", "{465BE89C-C6FC-4F7A-BD10-5013DD650E12}"
EndProject
Project("{9A19103F-16F7-4668-BE54-9A1E7A4F7556}") = "4.MatrixShuffling", "4.MatrixShuffling\4.MatrixShuffling.csproj", "{D5B4E626-ED10-405F-930F-1D0CC6F408E3}"
EndProject
Project("{9A19103F-16F7-4668-BE54-9A1E7A4F7556}") = "5.SnakeMoves", "5.SnakeMoves\5.SnakeMoves.csproj", "{95191ECD-7A76-4180-B296-404384E81D38}"
EndProject
Project("{FAE04EC0-301F-11D3-BF4B-00C04F79EFBC}") = "6.JaggedArrayManipulator", "6.JaggedArrayManipulator\6.JaggedArrayManipulator.csproj", "{5B51C012-BA44-42A7-9B34-BB0AA46FFCDD}"
EndProject
Global
	GlobalSection(SolutionConfigurationPlatforms) = preSolution
		Debug|Any CPU = Debug|Any CPU
		Release|Any CPU = Release|Any CPU
	EndGlobalSection
	GlobalSection(ProjectConfigurationPlatforms) = postSolution
		{D6529FC7-EBC2-4865-90D0-F1C87462788C}.Debug|Any CPU.ActiveCfg = Debug|Any CPU
		{D6529FC7-EBC2-4865-90D0-F1C87462788C}.Debug|Any CPU.Build.0 = Debug|Any CPU
		{D6529FC7-EBC2-4865-90D0-F1C87462788C}.Release|Any CPU.ActiveCfg = Release|Any CPU
		{D6529FC7-EBC2-4865-90D0-F1C87462788C}.Release|Any CPU.Build.0 = Release|Any CPU
		{2F4FC956-346A-4CF2-9064-E932ADFEB675}.Debug|Any CPU.ActiveCfg = Debug|Any CPU
		{2F4FC956-346A-4CF2-9064-E932ADFEB675}.Debug|Any CPU.Build.0 = Debug|Any CPU
		{2F4FC956-346A-4CF2-9064-E932ADFEB675}.Release|Any CPU.ActiveCfg = Release|Any CPU
		{2F4FC956-346A-4CF2-9064-E932ADFEB675}.Release|Any CPU.Build.0 = Release|Any CPU
		{465BE89C-C6FC-4F7A-BD10-5013DD650E12}.Debug|Any CPU.ActiveCfg = Debug|Any CPU
		{465BE89C-C6FC-4F7A-BD10-5013DD650E12}.Debug|Any CPU.Build.0 = Debug|Any CPU
		{465BE89C-C6FC-4F7A-BD10-5013DD650E12}.Release|Any CPU.ActiveCfg = Release|Any CPU
		{465BE89C-C6FC-4F7A-BD10-5013DD650E12}.Release|Any CPU.Build.0 = Release|Any CPU
		{D5B4E626-ED10-405F-930F-1D0CC6F408E3}.Debug|Any CPU.ActiveCfg = Debug|Any CPU
		{D5B4E626-ED10-405F-930F-1D0CC6F408E3}.Debug|Any CPU.Build.0 = Debug|Any CPU
		{D5B4E626-ED10-405F-930F-1D0CC6F408E3}.Release|Any CPU.ActiveCfg = Release|Any CPU
		{D5B4E626-ED10-405F-930F-1D0CC6F408E3}.Release|Any CPU.Build.0 = Release|Any CPU
		{95191ECD-7A76-4180-B296-404384E81D38}.Debug|Any CPU.ActiveCfg = Debug|Any CPU
		{95191ECD-7A76-4180-B296-404384E81D38}.Debug|Any CPU.Build.0 = Debug|Any CPU
		{95191ECD-7A76-4180-B296-404384E81D38}.Release|Any CPU.ActiveCfg = Release|Any CPU
		{95191ECD-7A76-4180-B296-404384E81D38}.Release|Any CPU.Build.0 = Release|Any CPU
		{5B51C012-BA44-42A7-9B34-BB0AA46FFCDD}.Debug|Any CPU.ActiveCfg = Debug|Any CPU
		{5B51C012-BA44-42A7-9B34-BB0AA46FFCDD}.Debug|Any CPU.Build.0 = Debug|Any CPU
		{5B51C012-BA44-42A7-9B34-BB0AA46FFCDD}.Release|Any CPU.ActiveCfg = Release|Any CPU
		{5B51C012-BA44-42A7-9B34-BB0AA46FFCDD}.Release|Any CPU.Build.0 = Release|Any CPU
	EndGlobalSection
	GlobalSection(SolutionProperties) = preSolution
		HideSolutionNode = FALSE
	EndGlobalSection
	GlobalSection(ExtensibilityGlobals) = postSolution
		SolutionGuid = {9DF649FD-BF12-4EA0-9749-9565FBFA4F5B}
	EndGlobalSection
EndGlobal
