
Microsoft Visual Studio Solution File, Format Version 12.00
# Visual Studio Version 16
VisualStudioVersion = 16.0.31005.135
MinimumVisualStudioVersion = 10.0.40219.1
Project("{FAE04EC0-301F-11D3-BF4B-00C04F79EFBC}") = "1.Diagonal Difference", "1.Diagonal Difference\1.Diagonal Difference.csproj", "{D6529FC7-EBC2-4865-90D0-F1C87462788C}"
EndProject
Project("{FAE04EC0-301F-11D3-BF4B-00C04F79EFBC}") = "2.SquaresInMatrix", "2.SquaresInMatrix\2.SquaresInMatrix.csproj", "{2F4FC956-346A-4CF2-9064-E932ADFEB675}"
EndProject
Global
	GlobalSection(SolutionConfigurationPlatforms) = preSolution
		Debug|Any CPU = Debug|Any CPU
		Release|Any CPU = Release|Any CPU
	EndGlobalSection
	GlobalSection(ProjectConfigurationPlatforms) = postSolution
		{D6529FC7-EBC2-4865-90D0-F1C87462788C}.Debug|Any CPU.ActiveCfg = Debug|Any CPU
		{D6529FC7-EBC2-4865-90D0-F1C87462788C}.Debug|Any CPU.Build.0 = Debug|Any CPU
		{D6529FC7-EBC2-4865-90D0-F1C87462788C}.Release|Any CPU.ActiveCfg = Release|Any CPU
		{D6529FC7-EBC2-4865-90D0-F1C87462788C}.Release|Any CPU.Build.0 = Release|Any CPU
		{2F4FC956-346A-4CF2-9064-E932ADFEB675}.Debug|Any CPU.ActiveCfg = Debug|Any CPU
		{2F4FC956-346A-4CF2-9064-E932ADFEB675}.Debug|Any CPU.Build.0 = Debug|Any CPU
		{2F4FC956-346A-4CF2-9064-E932ADFEB675}.Release|Any CPU.ActiveCfg = Release|Any CPU
		{2F4FC956-346A-4CF2-9064-E932ADFEB675}.Release|Any CPU.Build.0 = Release|Any CPU
	EndGlobalSection
	GlobalSection(SolutionProperties) = preSolution
		HideSolutionNode = FALSE
	EndGlobalSection
	GlobalSection(ExtensibilityGlobals) = postSolution
		SolutionGuid = {9DF649FD-BF12-4EA0-9749-9565FBFA4F5B}
	EndGlobalSection
EndGlobal
